// !$*UTF8*$!
{
	archiveVersion = 1;
	classes = {
	};
	objectVersion = 55;
	objects = {

/* Begin PBXBuildFile section */
		67CDA321279805810046F851 /* MusixzamApp.swift in Sources */ = {isa = PBXBuildFile; fileRef = 67CDA320279805810046F851 /* MusixzamApp.swift */; };
		67CDA323279805810046F851 /* ContentView.swift in Sources */ = {isa = PBXBuildFile; fileRef = 67CDA322279805810046F851 /* ContentView.swift */; };
		67CDA325279805830046F851 /* Assets.xcassets in Resources */ = {isa = PBXBuildFile; fileRef = 67CDA324279805830046F851 /* Assets.xcassets */; };
		67CDA328279805830046F851 /* Preview Assets.xcassets in Resources */ = {isa = PBXBuildFile; fileRef = 67CDA327279805830046F851 /* Preview Assets.xcassets */; };
		67CDA332279805830046F851 /* MusixzamTests.swift in Sources */ = {isa = PBXBuildFile; fileRef = 67CDA331279805830046F851 /* MusixzamTests.swift */; };
		67CDA33C279805830046F851 /* MusixzamUITests.swift in Sources */ = {isa = PBXBuildFile; fileRef = 67CDA33B279805830046F851 /* MusixzamUITests.swift */; };
		67CDA33E279805830046F851 /* MusixzamUITestsLaunchTests.swift in Sources */ = {isa = PBXBuildFile; fileRef = 67CDA33D279805830046F851 /* MusixzamUITestsLaunchTests.swift */; };
		67CDA34E279806B40046F851 /* TrackModel.swift in Sources */ = {isa = PBXBuildFile; fileRef = 67CDA34D279806B40046F851 /* TrackModel.swift */; };
		67CDA351279806E80046F851 /* MusicRecognizer.swift in Sources */ = {isa = PBXBuildFile; fileRef = 67CDA350279806E80046F851 /* MusicRecognizer.swift */; };
		67CDA354279807810046F851 /* View.swift in Sources */ = {isa = PBXBuildFile; fileRef = 67CDA353279807810046F851 /* View.swift */; };
		67CDA3562798079D0046F851 /* HomeView.swift in Sources */ = {isa = PBXBuildFile; fileRef = 67CDA3552798079D0046F851 /* HomeView.swift */; };
/* End PBXBuildFile section */

/* Begin PBXContainerItemProxy section */
		67CDA32E279805830046F851 /* PBXContainerItemProxy */ = {
			isa = PBXContainerItemProxy;
			containerPortal = 67CDA315279805810046F851 /* Project object */;
			proxyType = 1;
			remoteGlobalIDString = 67CDA31C279805810046F851;
			remoteInfo = Musixzam;
		};
		67CDA338279805830046F851 /* PBXContainerItemProxy */ = {
			isa = PBXContainerItemProxy;
			containerPortal = 67CDA315279805810046F851 /* Project object */;
			proxyType = 1;
			remoteGlobalIDString = 67CDA31C279805810046F851;
			remoteInfo = Musixzam;
		};
/* End PBXContainerItemProxy section */

/* Begin PBXFileReference section */
		67CDA31D279805810046F851 /* Musixzam.app */ = {isa = PBXFileReference; explicitFileType = wrapper.application; includeInIndex = 0; path = Musixzam.app; sourceTree = BUILT_PRODUCTS_DIR; };
		67CDA320279805810046F851 /* MusixzamApp.swift */ = {isa = PBXFileReference; lastKnownFileType = sourcecode.swift; path = MusixzamApp.swift; sourceTree = "<group>"; };
		67CDA322279805810046F851 /* ContentView.swift */ = {isa = PBXFileReference; lastKnownFileType = sourcecode.swift; path = ContentView.swift; sourceTree = "<group>"; };
		67CDA324279805830046F851 /* Assets.xcassets */ = {isa = PBXFileReference; lastKnownFileType = folder.assetcatalog; path = Assets.xcassets; sourceTree = "<group>"; };
		67CDA327279805830046F851 /* Preview Assets.xcassets */ = {isa = PBXFileReference; lastKnownFileType = folder.assetcatalog; path = "Preview Assets.xcassets"; sourceTree = "<group>"; };
		67CDA32D279805830046F851 /* MusixzamTests.xctest */ = {isa = PBXFileReference; explicitFileType = wrapper.cfbundle; includeInIndex = 0; path = MusixzamTests.xctest; sourceTree = BUILT_PRODUCTS_DIR; };
		67CDA331279805830046F851 /* MusixzamTests.swift */ = {isa = PBXFileReference; lastKnownFileType = sourcecode.swift; path = MusixzamTests.swift; sourceTree = "<group>"; };
		67CDA337279805830046F851 /* MusixzamUITests.xctest */ = {isa = PBXFileReference; explicitFileType = wrapper.cfbundle; includeInIndex = 0; path = MusixzamUITests.xctest; sourceTree = BUILT_PRODUCTS_DIR; };
		67CDA33B279805830046F851 /* MusixzamUITests.swift */ = {isa = PBXFileReference; lastKnownFileType = sourcecode.swift; path = MusixzamUITests.swift; sourceTree = "<group>"; };
		67CDA33D279805830046F851 /* MusixzamUITestsLaunchTests.swift */ = {isa = PBXFileReference; lastKnownFileType = sourcecode.swift; path = MusixzamUITestsLaunchTests.swift; sourceTree = "<group>"; };
		67CDA34A279805B80046F851 /* Info.plist */ = {isa = PBXFileReference; lastKnownFileType = text.plist; path = Info.plist; sourceTree = "<group>"; };
		67CDA34D279806B40046F851 /* TrackModel.swift */ = {isa = PBXFileReference; lastKnownFileType = sourcecode.swift; path = TrackModel.swift; sourceTree = "<group>"; };
		67CDA350279806E80046F851 /* MusicRecognizer.swift */ = {isa = PBXFileReference; lastKnownFileType = sourcecode.swift; path = MusicRecognizer.swift; sourceTree = "<group>"; };
		67CDA353279807810046F851 /* View.swift */ = {isa = PBXFileReference; lastKnownFileType = sourcecode.swift; path = View.swift; sourceTree = "<group>"; };
		67CDA3552798079D0046F851 /* HomeView.swift */ = {isa = PBXFileReference; lastKnownFileType = sourcecode.swift; path = HomeView.swift; sourceTree = "<group>"; };
/* End PBXFileReference section */

/* Begin PBXFrameworksBuildPhase section */
		67CDA31A279805810046F851 /* Frameworks */ = {
			isa = PBXFrameworksBuildPhase;
			buildActionMask = 2147483647;
			files = (
			);
			runOnlyForDeploymentPostprocessing = 0;
		};
		67CDA32A279805830046F851 /* Frameworks */ = {
			isa = PBXFrameworksBuildPhase;
			buildActionMask = 2147483647;
			files = (
			);
			runOnlyForDeploymentPostprocessing = 0;
		};
		67CDA334279805830046F851 /* Frameworks */ = {
			isa = PBXFrameworksBuildPhase;
			buildActionMask = 2147483647;
			files = (
			);
			runOnlyForDeploymentPostprocessing = 0;
		};
/* End PBXFrameworksBuildPhase section */

/* Begin PBXGroup section */
		67CDA314279805810046F851 = {
			isa = PBXGroup;
			children = (
				67CDA31F279805810046F851 /* Musixzam */,
				67CDA330279805830046F851 /* MusixzamTests */,
				67CDA33A279805830046F851 /* MusixzamUITests */,
				67CDA31E279805810046F851 /* Products */,
			);
			sourceTree = "<group>";
		};
		67CDA31E279805810046F851 /* Products */ = {
			isa = PBXGroup;
			children = (
				67CDA31D279805810046F851 /* Musixzam.app */,
				67CDA32D279805830046F851 /* MusixzamTests.xctest */,
				67CDA337279805830046F851 /* MusixzamUITests.xctest */,
			);
			name = Products;
			sourceTree = "<group>";
		};
		67CDA31F279805810046F851 /* Musixzam */ = {
			isa = PBXGroup;
			children = (
				67CDA34A279805B80046F851 /* Info.plist */,
				67CDA320279805810046F851 /* MusixzamApp.swift */,
				67CDA34B279806300046F851 /* Views */,
				67CDA34C2798063A0046F851 /* Model */,
				67CDA34F279806D20046F851 /* ViewModels */,
				67CDA324279805830046F851 /* Assets.xcassets */,
				67CDA326279805830046F851 /* Preview Content */,
			);
			path = Musixzam;
			sourceTree = "<group>";
		};
		67CDA326279805830046F851 /* Preview Content */ = {
			isa = PBXGroup;
			children = (
				67CDA327279805830046F851 /* Preview Assets.xcassets */,
			);
			path = "Preview Content";
			sourceTree = "<group>";
		};
		67CDA330279805830046F851 /* MusixzamTests */ = {
			isa = PBXGroup;
			children = (
				67CDA331279805830046F851 /* MusixzamTests.swift */,
			);
			path = MusixzamTests;
			sourceTree = "<group>";
		};
		67CDA33A279805830046F851 /* MusixzamUITests */ = {
			isa = PBXGroup;
			children = (
				67CDA33B279805830046F851 /* MusixzamUITests.swift */,
				67CDA33D279805830046F851 /* MusixzamUITestsLaunchTests.swift */,
			);
			path = MusixzamUITests;
			sourceTree = "<group>";
		};
		67CDA34B279806300046F851 /* Views */ = {
			isa = PBXGroup;
			children = (
				67CDA322279805810046F851 /* ContentView.swift */,
				67CDA3552798079D0046F851 /* HomeView.swift */,
			);
			path = Views;
			sourceTree = "<group>";
		};
		67CDA34C2798063A0046F851 /* Model */ = {
			isa = PBXGroup;
			children = (
				67CDA34D279806B40046F851 /* TrackModel.swift */,
			);
			path = Model;
			sourceTree = "<group>";
		};
		67CDA34F279806D20046F851 /* ViewModels */ = {
			isa = PBXGroup;
			children = (
				67CDA350279806E80046F851 /* MusicRecognizer.swift */,
				67CDA352279807760046F851 /* Extensions */,
			);
			path = ViewModels;
			sourceTree = "<group>";
		};
		67CDA352279807760046F851 /* Extensions */ = {
			isa = PBXGroup;
			children = (
				67CDA353279807810046F851 /* View.swift */,
			);
			path = Extensions;
			sourceTree = "<group>";
		};
/* End PBXGroup section */

/* Begin PBXNativeTarget section */
		67CDA31C279805810046F851 /* Musixzam */ = {
			isa = PBXNativeTarget;
			buildConfigurationList = 67CDA341279805830046F851 /* Build configuration list for PBXNativeTarget "Musixzam" */;
			buildPhases = (
				67CDA319279805810046F851 /* Sources */,
				67CDA31A279805810046F851 /* Frameworks */,
				67CDA31B279805810046F851 /* Resources */,
			);
			buildRules = (
			);
			dependencies = (
			);
			name = Musixzam;
			productName = Musixzam;
			productReference = 67CDA31D279805810046F851 /* Musixzam.app */;
			productType = "com.apple.product-type.application";
		};
		67CDA32C279805830046F851 /* MusixzamTests */ = {
			isa = PBXNativeTarget;
			buildConfigurationList = 67CDA344279805830046F851 /* Build configuration list for PBXNativeTarget "MusixzamTests" */;
			buildPhases = (
				67CDA329279805830046F851 /* Sources */,
				67CDA32A279805830046F851 /* Frameworks */,
				67CDA32B279805830046F851 /* Resources */,
			);
			buildRules = (
			);
			dependencies = (
				67CDA32F279805830046F851 /* PBXTargetDependency */,
			);
			name = MusixzamTests;
			productName = MusixzamTests;
			productReference = 67CDA32D279805830046F851 /* MusixzamTests.xctest */;
			productType = "com.apple.product-type.bundle.unit-test";
		};
		67CDA336279805830046F851 /* MusixzamUITests */ = {
			isa = PBXNativeTarget;
			buildConfigurationList = 67CDA347279805830046F851 /* Build configuration list for PBXNativeTarget "MusixzamUITests" */;
			buildPhases = (
				67CDA333279805830046F851 /* Sources */,
				67CDA334279805830046F851 /* Frameworks */,
				67CDA335279805830046F851 /* Resources */,
			);
			buildRules = (
			);
			dependencies = (
				67CDA339279805830046F851 /* PBXTargetDependency */,
			);
			name = MusixzamUITests;
			productName = MusixzamUITests;
			productReference = 67CDA337279805830046F851 /* MusixzamUITests.xctest */;
			productType = "com.apple.product-type.bundle.ui-testing";
		};
/* End PBXNativeTarget section */

/* Begin PBXProject section */
		67CDA315279805810046F851 /* Project object */ = {
			isa = PBXProject;
			attributes = {
				BuildIndependentTargetsInParallel = 1;
				LastSwiftUpdateCheck = 1310;
				LastUpgradeCheck = 1310;
				TargetAttributes = {
					67CDA31C279805810046F851 = {
						CreatedOnToolsVersion = 13.1;
					};
					67CDA32C279805830046F851 = {
						CreatedOnToolsVersion = 13.1;
						TestTargetID = 67CDA31C279805810046F851;
					};
					67CDA336279805830046F851 = {
						CreatedOnToolsVersion = 13.1;
						TestTargetID = 67CDA31C279805810046F851;
					};
				};
			};
			buildConfigurationList = 67CDA318279805810046F851 /* Build configuration list for PBXProject "Musixzam" */;
			compatibilityVersion = "Xcode 13.0";
			developmentRegion = en;
			hasScannedForEncodings = 0;
			knownRegions = (
				en,
				Base,
			);
			mainGroup = 67CDA314279805810046F851;
			productRefGroup = 67CDA31E279805810046F851 /* Products */;
			projectDirPath = "";
			projectRoot = "";
			targets = (
				67CDA31C279805810046F851 /* Musixzam */,
				67CDA32C279805830046F851 /* MusixzamTests */,
				67CDA336279805830046F851 /* MusixzamUITests */,
			);
		};
/* End PBXProject section */

/* Begin PBXResourcesBuildPhase section */
		67CDA31B279805810046F851 /* Resources */ = {
			isa = PBXResourcesBuildPhase;
			buildActionMask = 2147483647;
			files = (
				67CDA328279805830046F851 /* Preview Assets.xcassets in Resources */,
				67CDA325279805830046F851 /* Assets.xcassets in Resources */,
			);
			runOnlyForDeploymentPostprocessing = 0;
		};
		67CDA32B279805830046F851 /* Resources */ = {
			isa = PBXResourcesBuildPhase;
			buildActionMask = 2147483647;
			files = (
			);
			runOnlyForDeploymentPostprocessing = 0;
		};
		67CDA335279805830046F851 /* Resources */ = {
			isa = PBXResourcesBuildPhase;
			buildActionMask = 2147483647;
			files = (
			);
			runOnlyForDeploymentPostprocessing = 0;
		};
/* End PBXResourcesBuildPhase section */

/* Begin PBXSourcesBuildPhase section */
		67CDA319279805810046F851 /* Sources */ = {
			isa = PBXSourcesBuildPhase;
			buildActionMask = 2147483647;
			files = (
				67CDA323279805810046F851 /* ContentView.swift in Sources */,
				67CDA351279806E80046F851 /* MusicRecognizer.swift in Sources */,
				67CDA354279807810046F851 /* View.swift in Sources */,
				67CDA3562798079D0046F851 /* HomeView.swift in Sources */,
				67CDA34E279806B40046F851 /* TrackModel.swift in Sources */,
				67CDA321279805810046F851 /* MusixzamApp.swift in Sources */,
			);
			runOnlyForDeploymentPostprocessing = 0;
		};
		67CDA329279805830046F851 /* Sources */ = {
			isa = PBXSourcesBuildPhase;
			buildActionMask = 2147483647;
			files = (
				67CDA332279805830046F851 /* MusixzamTests.swift in Sources */,
			);
			runOnlyForDeploymentPostprocessing = 0;
		};
		67CDA333279805830046F851 /* Sources */ = {
			isa = PBXSourcesBuildPhase;
			buildActionMask = 2147483647;
			files = (
				67CDA33E279805830046F851 /* MusixzamUITestsLaunchTests.swift in Sources */,
				67CDA33C279805830046F851 /* MusixzamUITests.swift in Sources */,
			);
			runOnlyForDeploymentPostprocessing = 0;
		};
/* End PBXSourcesBuildPhase section */

/* Begin PBXTargetDependency section */
		67CDA32F279805830046F851 /* PBXTargetDependency */ = {
			isa = PBXTargetDependency;
			target = 67CDA31C279805810046F851 /* Musixzam */;
			targetProxy = 67CDA32E279805830046F851 /* PBXContainerItemProxy */;
		};
		67CDA339279805830046F851 /* PBXTargetDependency */ = {
			isa = PBXTargetDependency;
			target = 67CDA31C279805810046F851 /* Musixzam */;
			targetProxy = 67CDA338279805830046F851 /* PBXContainerItemProxy */;
		};
/* End PBXTargetDependency section */

/* Begin XCBuildConfiguration section */
		67CDA33F279805830046F851 /* Debug */ = {
			isa = XCBuildConfiguration;
			buildSettings = {
				ALWAYS_SEARCH_USER_PATHS = NO;
				CLANG_ANALYZER_NONNULL = YES;
				CLANG_ANALYZER_NUMBER_OBJECT_CONVERSION = YES_AGGRESSIVE;
				CLANG_CXX_LANGUAGE_STANDARD = "gnu++17";
				CLANG_CXX_LIBRARY = "libc++";
				CLANG_ENABLE_MODULES = YES;
				CLANG_ENABLE_OBJC_ARC = YES;
				CLANG_ENABLE_OBJC_WEAK = YES;
				CLANG_WARN_BLOCK_CAPTURE_AUTORELEASING = YES;
				CLANG_WARN_BOOL_CONVERSION = YES;
				CLANG_WARN_COMMA = YES;
				CLANG_WARN_CONSTANT_CONVERSION = YES;
				CLANG_WARN_DEPRECATED_OBJC_IMPLEMENTATIONS = YES;
				CLANG_WARN_DIRECT_OBJC_ISA_USAGE = YES_ERROR;
				CLANG_WARN_DOCUMENTATION_COMMENTS = YES;
				CLANG_WARN_EMPTY_BODY = YES;
				CLANG_WARN_ENUM_CONVERSION = YES;
				CLANG_WARN_INFINITE_RECURSION = YES;
				CLANG_WARN_INT_CONVERSION = YES;
				CLANG_WARN_NON_LITERAL_NULL_CONVERSION = YES;
				CLANG_WARN_OBJC_IMPLICIT_RETAIN_SELF = YES;
				CLANG_WARN_OBJC_LITERAL_CONVERSION = YES;
				CLANG_WARN_OBJC_ROOT_CLASS = YES_ERROR;
				CLANG_WARN_QUOTED_INCLUDE_IN_FRAMEWORK_HEADER = YES;
				CLANG_WARN_RANGE_LOOP_ANALYSIS = YES;
				CLANG_WARN_STRICT_PROTOTYPES = YES;
				CLANG_WARN_SUSPICIOUS_MOVE = YES;
				CLANG_WARN_UNGUARDED_AVAILABILITY = YES_AGGRESSIVE;
				CLANG_WARN_UNREACHABLE_CODE = YES;
				CLANG_WARN__DUPLICATE_METHOD_MATCH = YES;
				COPY_PHASE_STRIP = NO;
				DEBUG_INFORMATION_FORMAT = dwarf;
				ENABLE_STRICT_OBJC_MSGSEND = YES;
				ENABLE_TESTABILITY = YES;
				GCC_C_LANGUAGE_STANDARD = gnu11;
				GCC_DYNAMIC_NO_PIC = NO;
				GCC_NO_COMMON_BLOCKS = YES;
				GCC_OPTIMIZATION_LEVEL = 0;
				GCC_PREPROCESSOR_DEFINITIONS = (
					"DEBUG=1",
					"$(inherited)",
				);
				GCC_WARN_64_TO_32_BIT_CONVERSION = YES;
				GCC_WARN_ABOUT_RETURN_TYPE = YES_ERROR;
				GCC_WARN_UNDECLARED_SELECTOR = YES;
				GCC_WARN_UNINITIALIZED_AUTOS = YES_AGGRESSIVE;
				GCC_WARN_UNUSED_FUNCTION = YES;
				GCC_WARN_UNUSED_VARIABLE = YES;
				IPHONEOS_DEPLOYMENT_TARGET = 15.0;
				MTL_ENABLE_DEBUG_INFO = INCLUDE_SOURCE;
				MTL_FAST_MATH = YES;
				ONLY_ACTIVE_ARCH = YES;
				SDKROOT = iphoneos;
				SWIFT_ACTIVE_COMPILATION_CONDITIONS = DEBUG;
				SWIFT_OPTIMIZATION_LEVEL = "-Onone";
			};
			name = Debug;
		};
		67CDA340279805830046F851 /* Release */ = {
			isa = XCBuildConfiguration;
			buildSettings = {
				ALWAYS_SEARCH_USER_PATHS = NO;
				CLANG_ANALYZER_NONNULL = YES;
				CLANG_ANALYZER_NUMBER_OBJECT_CONVERSION = YES_AGGRESSIVE;
				CLANG_CXX_LANGUAGE_STANDARD = "gnu++17";
				CLANG_CXX_LIBRARY = "libc++";
				CLANG_ENABLE_MODULES = YES;
				CLANG_ENABLE_OBJC_ARC = YES;
				CLANG_ENABLE_OBJC_WEAK = YES;
				CLANG_WARN_BLOCK_CAPTURE_AUTORELEASING = YES;
				CLANG_WARN_BOOL_CONVERSION = YES;
				CLANG_WARN_COMMA = YES;
				CLANG_WARN_CONSTANT_CONVERSION = YES;
				CLANG_WARN_DEPRECATED_OBJC_IMPLEMENTATIONS = YES;
				CLANG_WARN_DIRECT_OBJC_ISA_USAGE = YES_ERROR;
				CLANG_WARN_DOCUMENTATION_COMMENTS = YES;
				CLANG_WARN_EMPTY_BODY = YES;
				CLANG_WARN_ENUM_CONVERSION = YES;
				CLANG_WARN_INFINITE_RECURSION = YES;
				CLANG_WARN_INT_CONVERSION = YES;
				CLANG_WARN_NON_LITERAL_NULL_CONVERSION = YES;
				CLANG_WARN_OBJC_IMPLICIT_RETAIN_SELF = YES;
				CLANG_WARN_OBJC_LITERAL_CONVERSION = YES;
				CLANG_WARN_OBJC_ROOT_CLASS = YES_ERROR;
				CLANG_WARN_QUOTED_INCLUDE_IN_FRAMEWORK_HEADER = YES;
				CLANG_WARN_RANGE_LOOP_ANALYSIS = YES;
				CLANG_WARN_STRICT_PROTOTYPES = YES;
				CLANG_WARN_SUSPICIOUS_MOVE = YES;
				CLANG_WARN_UNGUARDED_AVAILABILITY = YES_AGGRESSIVE;
				CLANG_WARN_UNREACHABLE_CODE = YES;
				CLANG_WARN__DUPLICATE_METHOD_MATCH = YES;
				COPY_PHASE_STRIP = NO;
				DEBUG_INFORMATION_FORMAT = "dwarf-with-dsym";
				ENABLE_NS_ASSERTIONS = NO;
				ENABLE_STRICT_OBJC_MSGSEND = YES;
				GCC_C_LANGUAGE_STANDARD = gnu11;
				GCC_NO_COMMON_BLOCKS = YES;
				GCC_WARN_64_TO_32_BIT_CONVERSION = YES;
				GCC_WARN_ABOUT_RETURN_TYPE = YES_ERROR;
				GCC_WARN_UNDECLARED_SELECTOR = YES;
				GCC_WARN_UNINITIALIZED_AUTOS = YES_AGGRESSIVE;
				GCC_WARN_UNUSED_FUNCTION = YES;
				GCC_WARN_UNUSED_VARIABLE = YES;
				IPHONEOS_DEPLOYMENT_TARGET = 15.0;
				MTL_ENABLE_DEBUG_INFO = NO;
				MTL_FAST_MATH = YES;
				SDKROOT = iphoneos;
				SWIFT_COMPILATION_MODE = wholemodule;
				SWIFT_OPTIMIZATION_LEVEL = "-O";
				VALIDATE_PRODUCT = YES;
			};
			name = Release;
		};
		67CDA342279805830046F851 /* Debug */ = {
			isa = XCBuildConfiguration;
			buildSettings = {
				ASSETCATALOG_COMPILER_APPICON_NAME = AppIcon;
				ASSETCATALOG_COMPILER_GLOBAL_ACCENT_COLOR_NAME = AccentColor;
				CODE_SIGN_STYLE = Automatic;
				CURRENT_PROJECT_VERSION = 1;
				DEVELOPMENT_ASSET_PATHS = "\"Musixzam/Preview Content\"";
				DEVELOPMENT_TEAM = F59A6ZU5Y6;
				ENABLE_PREVIEWS = YES;
				GENERATE_INFOPLIST_FILE = YES;
				INFOPLIST_FILE = Musixzam/Info.plist;
				INFOPLIST_KEY_NSMicrophoneUsageDescription = "This allows Musixzam to find the song.";
				INFOPLIST_KEY_UIApplicationSceneManifest_Generation = YES;
				INFOPLIST_KEY_UIApplicationSupportsIndirectInputEvents = YES;
				INFOPLIST_KEY_UILaunchScreen_Generation = YES;
				INFOPLIST_KEY_UISupportedInterfaceOrientations_iPad = "UIInterfaceOrientationPortrait UIInterfaceOrientationPortraitUpsideDown UIInterfaceOrientationLandscapeLeft UIInterfaceOrientationLandscapeRight";
				INFOPLIST_KEY_UISupportedInterfaceOrientations_iPhone = "UIInterfaceOrientationPortrait UIInterfaceOrientationLandscapeLeft UIInterfaceOrientationLandscapeRight";
				LD_RUNPATH_SEARCH_PATHS = (
					"$(inherited)",
					"@executable_path/Frameworks",
				);
				MARKETING_VERSION = 1.0;
				PRODUCT_BUNDLE_IDENTIFIER = com.twentyone24.Musixzam;
				PRODUCT_NAME = "$(TARGET_NAME)";
				SWIFT_EMIT_LOC_STRINGS = YES;
				SWIFT_VERSION = 5.0;
				TARGETED_DEVICE_FAMILY = "1,2";
			};
			name = Debug;
		};
		67CDA343279805830046F851 /* Release */ = {
			isa = XCBuildConfiguration;
			buildSettings = {
				ASSETCATALOG_COMPILER_APPICON_NAME = AppIcon;
				ASSETCATALOG_COMPILER_GLOBAL_ACCENT_COLOR_NAME = AccentColor;
				CODE_SIGN_STYLE = Automatic;
				CURRENT_PROJECT_VERSION = 1;
				DEVELOPMENT_ASSET_PATHS = "\"Musixzam/Preview Content\"";
				DEVELOPMENT_TEAM = F59A6ZU5Y6;
				ENABLE_PREVIEWS = YES;
				GENERATE_INFOPLIST_FILE = YES;
				INFOPLIST_FILE = Musixzam/Info.plist;
				INFOPLIST_KEY_NSMicrophoneUsageDescription = "This allows Musixzam to find the song.";
				INFOPLIST_KEY_UIApplicationSceneManifest_Generation = YES;
				INFOPLIST_KEY_UIApplicationSupportsIndirectInputEvents = YES;
				INFOPLIST_KEY_UILaunchScreen_Generation = YES;
				INFOPLIST_KEY_UISupportedInterfaceOrientations_iPad = "UIInterfaceOrientationPortrait UIInterfaceOrientationPortraitUpsideDown UIInterfaceOrientationLandscapeLeft UIInterfaceOrientationLandscapeRight";
				INFOPLIST_KEY_UISupportedInterfaceOrientations_iPhone = "UIInterfaceOrientationPortrait UIInterfaceOrientationLandscapeLeft UIInterfaceOrientationLandscapeRight";
				LD_RUNPATH_SEARCH_PATHS = (
					"$(inherited)",
					"@executable_path/Frameworks",
				);
				MARKETING_VERSION = 1.0;
				PRODUCT_BUNDLE_IDENTIFIER = com.twentyone24.Musixzam;
				PRODUCT_NAME = "$(TARGET_NAME)";
				SWIFT_EMIT_LOC_STRINGS = YES;
				SWIFT_VERSION = 5.0;
				TARGETED_DEVICE_FAMILY = "1,2";
			};
			name = Release;
		};
		67CDA345279805830046F851 /* Debug */ = {
			isa = XCBuildConfiguration;
			buildSettings = {
				ALWAYS_EMBED_SWIFT_STANDARD_LIBRARIES = YES;
				BUNDLE_LOADER = "$(TEST_HOST)";
				CODE_SIGN_STYLE = Automatic;
				CURRENT_PROJECT_VERSION = 1;
				DEVELOPMENT_TEAM = F59A6ZU5Y6;
				GENERATE_INFOPLIST_FILE = YES;
				IPHONEOS_DEPLOYMENT_TARGET = 15.0;
				LD_RUNPATH_SEARCH_PATHS = (
					"$(inherited)",
					"@executable_path/Frameworks",
					"@loader_path/Frameworks",
				);
				MARKETING_VERSION = 1.0;
				PRODUCT_BUNDLE_IDENTIFIER = com.twentyone24.MusixzamTests;
				PRODUCT_NAME = "$(TARGET_NAME)";
				SWIFT_EMIT_LOC_STRINGS = NO;
				SWIFT_VERSION = 5.0;
				TARGETED_DEVICE_FAMILY = "1,2";
				TEST_HOST = "$(BUILT_PRODUCTS_DIR)/Musixzam.app/Musixzam";
			};
			name = Debug;
		};
		67CDA346279805830046F851 /* Release */ = {
			isa = XCBuildConfiguration;
			buildSettings = {
				ALWAYS_EMBED_SWIFT_STANDARD_LIBRARIES = YES;
				BUNDLE_LOADER = "$(TEST_HOST)";
				CODE_SIGN_STYLE = Automatic;
				CURRENT_PROJECT_VERSION = 1;
				DEVELOPMENT_TEAM = F59A6ZU5Y6;
				GENERATE_INFOPLIST_FILE = YES;
				IPHONEOS_DEPLOYMENT_TARGET = 15.0;
				LD_RUNPATH_SEARCH_PATHS = (
					"$(inherited)",
					"@executable_path/Frameworks",
					"@loader_path/Frameworks",
				);
				MARKETING_VERSION = 1.0;
				PRODUCT_BUNDLE_IDENTIFIER = com.twentyone24.MusixzamTests;
				PRODUCT_NAME = "$(TARGET_NAME)";
				SWIFT_EMIT_LOC_STRINGS = NO;
				SWIFT_VERSION = 5.0;
				TARGETED_DEVICE_FAMILY = "1,2";
				TEST_HOST = "$(BUILT_PRODUCTS_DIR)/Musixzam.app/Musixzam";
			};
			name = Release;
		};
		67CDA348279805830046F851 /* Debug */ = {
			isa = XCBuildConfiguration;
			buildSettings = {
				ALWAYS_EMBED_SWIFT_STANDARD_LIBRARIES = YES;
				CODE_SIGN_STYLE = Automatic;
				CURRENT_PROJECT_VERSION = 1;
				DEVELOPMENT_TEAM = F59A6ZU5Y6;
				GENERATE_INFOPLIST_FILE = YES;
				LD_RUNPATH_SEARCH_PATHS = (
					"$(inherited)",
					"@executable_path/Frameworks",
					"@loader_path/Frameworks",
				);
				MARKETING_VERSION = 1.0;
				PRODUCT_BUNDLE_IDENTIFIER = com.twentyone24.MusixzamUITests;
				PRODUCT_NAME = "$(TARGET_NAME)";
				SWIFT_EMIT_LOC_STRINGS = NO;
				SWIFT_VERSION = 5.0;
				TARGETED_DEVICE_FAMILY = "1,2";
				TEST_TARGET_NAME = Musixzam;
			};
			name = Debug;
		};
		67CDA349279805830046F851 /* Release */ = {
			isa = XCBuildConfiguration;
			buildSettings = {
				ALWAYS_EMBED_SWIFT_STANDARD_LIBRARIES = YES;
				CODE_SIGN_STYLE = Automatic;
				CURRENT_PROJECT_VERSION = 1;
				DEVELOPMENT_TEAM = F59A6ZU5Y6;
				GENERATE_INFOPLIST_FILE = YES;
				LD_RUNPATH_SEARCH_PATHS = (
					"$(inherited)",
					"@executable_path/Frameworks",
					"@loader_path/Frameworks",
				);
				MARKETING_VERSION = 1.0;
				PRODUCT_BUNDLE_IDENTIFIER = com.twentyone24.MusixzamUITests;
				PRODUCT_NAME = "$(TARGET_NAME)";
				SWIFT_EMIT_LOC_STRINGS = NO;
				SWIFT_VERSION = 5.0;
				TARGETED_DEVICE_FAMILY = "1,2";
				TEST_TARGET_NAME = Musixzam;
			};
			name = Release;
		};
/* End XCBuildConfiguration section */

/* Begin XCConfigurationList section */
		67CDA318279805810046F851 /* Build configuration list for PBXProject "Musixzam" */ = {
			isa = XCConfigurationList;
			buildConfigurations = (
				67CDA33F279805830046F851 /* Debug */,
				67CDA340279805830046F851 /* Release */,
			);
			defaultConfigurationIsVisible = 0;
			defaultConfigurationName = Release;
		};
		67CDA341279805830046F851 /* Build configuration list for PBXNativeTarget "Musixzam" */ = {
			isa = XCConfigurationList;
			buildConfigurations = (
				67CDA342279805830046F851 /* Debug */,
				67CDA343279805830046F851 /* Release */,
			);
			defaultConfigurationIsVisible = 0;
			defaultConfigurationName = Release;
		};
		67CDA344279805830046F851 /* Build configuration list for PBXNativeTarget "MusixzamTests" */ = {
			isa = XCConfigurationList;
			buildConfigurations = (
				67CDA345279805830046F851 /* Debug */,
				67CDA346279805830046F851 /* Release */,
			);
			defaultConfigurationIsVisible = 0;
			defaultConfigurationName = Release;
		};
		67CDA347279805830046F851 /* Build configuration list for PBXNativeTarget "MusixzamUITests" */ = {
			isa = XCConfigurationList;
			buildConfigurations = (
				67CDA348279805830046F851 /* Debug */,
				67CDA349279805830046F851 /* Release */,
			);
			defaultConfigurationIsVisible = 0;
			defaultConfigurationName = Release;
		};
/* End XCConfigurationList section */
	};
	rootObject = 67CDA315279805810046F851 /* Project object */;
}
